
Microsoft Visual Studio Solution File, Format Version 12.00
# Visual Studio Version 17
VisualStudioVersion = 17.2.32526.322
MinimumVisualStudioVersion = 10.0.40219.1
Project("{9A19103F-16F7-4668-BE54-9A1E7A4F7556}") = "MetadataEditor", "MetadataEditor\MetadataEditor.csproj", "{F5236D09-BCE5-4A57-AE5D-9130406F4CAF}"
EndProject
Project("{9A19103F-16F7-4668-BE54-9A1E7A4F7556}") = "SharedLibrary", "SharedLibrary\SharedLibrary.csproj", "{82ACEB30-25B3-4EF5-AB83-1593E4FEBEE5}"
EndProject
Project("{9A19103F-16F7-4668-BE54-9A1E7A4F7556}") = "CoreAPI", "CoreAPI\CoreAPI.csproj", "{347D0397-3361-4DEC-A995-E00ECEFE569A}"
EndProject
Project("{9A19103F-16F7-4668-BE54-9A1E7A4F7556}") = "CoreAPI.AL", "CoreAPI.AL\CoreAPI.AL.csproj", "{C42F588C-DD47-4226-85CC-E2F266015C1F}"
EndProject
Project("{9A19103F-16F7-4668-BE54-9A1E7A4F7556}") = "ZBenchmark", "ZBenchmark\ZBenchmark.csproj", "{5A9A4204-49BB-487B-8A4E-F502EA42D8E5}"
EndProject
Project("{9A19103F-16F7-4668-BE54-9A1E7A4F7556}") = "ZUnitTest", "ZUnitTest\ZUnitTest.csproj", "{95C949F6-5670-479E-B20C-7D965103D54C}"
EndProject
Project("{9A19103F-16F7-4668-BE54-9A1E7A4F7556}") = "ZDeployer", "ZDeployer\ZDeployer.csproj", "{AD39F201-9246-45B9-B93E-51677945884A}"
EndProject
Project("{9A19103F-16F7-4668-BE54-9A1E7A4F7556}") = "ZBackgroundCorrector", "ZBackgroundCorrector\ZBackgroundCorrector.csproj", "{14CC17DC-E73D-48E8-A7F2-45DBF2A481FB}"
EndProject
Project("{9A19103F-16F7-4668-BE54-9A1E7A4F7556}") = "ProcessorAPI", "ProcessorAPI\ProcessorAPI.csproj", "{A3D58D4A-A401-45C4-AA3E-60D9505C9433}"
EndProject
Global
	GlobalSection(SolutionConfigurationPlatforms) = preSolution
		Debug|Any CPU = Debug|Any CPU
		Release|Any CPU = Release|Any CPU
	EndGlobalSection
	GlobalSection(ProjectConfigurationPlatforms) = postSolution
		{F5236D09-BCE5-4A57-AE5D-9130406F4CAF}.Debug|Any CPU.ActiveCfg = Debug|Any CPU
		{F5236D09-BCE5-4A57-AE5D-9130406F4CAF}.Debug|Any CPU.Build.0 = Debug|Any CPU
		{F5236D09-BCE5-4A57-AE5D-9130406F4CAF}.Release|Any CPU.ActiveCfg = Release|Any CPU
		{F5236D09-BCE5-4A57-AE5D-9130406F4CAF}.Release|Any CPU.Build.0 = Release|Any CPU
		{82ACEB30-25B3-4EF5-AB83-1593E4FEBEE5}.Debug|Any CPU.ActiveCfg = Debug|Any CPU
		{82ACEB30-25B3-4EF5-AB83-1593E4FEBEE5}.Debug|Any CPU.Build.0 = Debug|Any CPU
		{82ACEB30-25B3-4EF5-AB83-1593E4FEBEE5}.Release|Any CPU.ActiveCfg = Release|Any CPU
		{82ACEB30-25B3-4EF5-AB83-1593E4FEBEE5}.Release|Any CPU.Build.0 = Release|Any CPU
		{347D0397-3361-4DEC-A995-E00ECEFE569A}.Debug|Any CPU.ActiveCfg = Debug|Any CPU
		{347D0397-3361-4DEC-A995-E00ECEFE569A}.Debug|Any CPU.Build.0 = Debug|Any CPU
		{347D0397-3361-4DEC-A995-E00ECEFE569A}.Release|Any CPU.ActiveCfg = Release|Any CPU
		{347D0397-3361-4DEC-A995-E00ECEFE569A}.Release|Any CPU.Build.0 = Release|Any CPU
		{C42F588C-DD47-4226-85CC-E2F266015C1F}.Debug|Any CPU.ActiveCfg = Debug|Any CPU
		{C42F588C-DD47-4226-85CC-E2F266015C1F}.Debug|Any CPU.Build.0 = Debug|Any CPU
		{C42F588C-DD47-4226-85CC-E2F266015C1F}.Release|Any CPU.ActiveCfg = Release|Any CPU
		{C42F588C-DD47-4226-85CC-E2F266015C1F}.Release|Any CPU.Build.0 = Release|Any CPU
		{5A9A4204-49BB-487B-8A4E-F502EA42D8E5}.Debug|Any CPU.ActiveCfg = Debug|Any CPU
		{5A9A4204-49BB-487B-8A4E-F502EA42D8E5}.Debug|Any CPU.Build.0 = Debug|Any CPU
		{5A9A4204-49BB-487B-8A4E-F502EA42D8E5}.Release|Any CPU.ActiveCfg = Release|Any CPU
		{5A9A4204-49BB-487B-8A4E-F502EA42D8E5}.Release|Any CPU.Build.0 = Release|Any CPU
		{95C949F6-5670-479E-B20C-7D965103D54C}.Debug|Any CPU.ActiveCfg = Debug|Any CPU
		{95C949F6-5670-479E-B20C-7D965103D54C}.Debug|Any CPU.Build.0 = Debug|Any CPU
		{95C949F6-5670-479E-B20C-7D965103D54C}.Release|Any CPU.ActiveCfg = Release|Any CPU
		{95C949F6-5670-479E-B20C-7D965103D54C}.Release|Any CPU.Build.0 = Release|Any CPU
		{AD39F201-9246-45B9-B93E-51677945884A}.Debug|Any CPU.ActiveCfg = Debug|Any CPU
		{AD39F201-9246-45B9-B93E-51677945884A}.Debug|Any CPU.Build.0 = Debug|Any CPU
		{AD39F201-9246-45B9-B93E-51677945884A}.Release|Any CPU.ActiveCfg = Release|Any CPU
		{AD39F201-9246-45B9-B93E-51677945884A}.Release|Any CPU.Build.0 = Release|Any CPU
		{14CC17DC-E73D-48E8-A7F2-45DBF2A481FB}.Debug|Any CPU.ActiveCfg = Debug|Any CPU
		{14CC17DC-E73D-48E8-A7F2-45DBF2A481FB}.Debug|Any CPU.Build.0 = Debug|Any CPU
		{14CC17DC-E73D-48E8-A7F2-45DBF2A481FB}.Release|Any CPU.ActiveCfg = Release|Any CPU
		{14CC17DC-E73D-48E8-A7F2-45DBF2A481FB}.Release|Any CPU.Build.0 = Release|Any CPU
		{A3D58D4A-A401-45C4-AA3E-60D9505C9433}.Debug|Any CPU.ActiveCfg = Debug|Any CPU
		{A3D58D4A-A401-45C4-AA3E-60D9505C9433}.Debug|Any CPU.Build.0 = Debug|Any CPU
		{A3D58D4A-A401-45C4-AA3E-60D9505C9433}.Release|Any CPU.ActiveCfg = Release|Any CPU
		{A3D58D4A-A401-45C4-AA3E-60D9505C9433}.Release|Any CPU.Build.0 = Release|Any CPU
	EndGlobalSection
	GlobalSection(SolutionProperties) = preSolution
		HideSolutionNode = FALSE
	EndGlobalSection
	GlobalSection(ExtensibilityGlobals) = postSolution
		SolutionGuid = {DEB4914B-0E3A-4611-B143-914473ACA510}
	EndGlobalSection
EndGlobal
